// !$*UTF8*$!
{
	archiveVersion = 1;
	classes = {
	};
	objectVersion = 50;
	objects = {

/* Begin PBXBuildFile section */
		450CDBD023F8B5B400CF4CEE /* upgrade_view.cpp in Sources */ = {isa = PBXBuildFile; fileRef = 450CDBCE23F8B5B400CF4CEE /* upgrade_view.cpp */; };
		450CDBD623F8F05600CF4CEE /* view.cpp in Sources */ = {isa = PBXBuildFile; fileRef = 450CDBD423F8F05600CF4CEE /* view.cpp */; };
		450CDBD923F8F93200CF4CEE /* window.cpp in Sources */ = {isa = PBXBuildFile; fileRef = 450CDBD723F8F93200CF4CEE /* window.cpp */; };
		450CDBFA23FA363C00CF4CEE /* font_cache.cpp in Sources */ = {isa = PBXBuildFile; fileRef = 450CDBF823FA363C00CF4CEE /* font_cache.cpp */; };
		4545A4A02408A47600F47A67 /* ai.cpp in Sources */ = {isa = PBXBuildFile; fileRef = 4545A49E2408A47600F47A67 /* ai.cpp */; };
		4545A4A22408C8BF00F47A67 /* stars_dark.png in CopyFiles */ = {isa = PBXBuildFile; fileRef = 4545A4A12408C8AA00F47A67 /* stars_dark.png */; };
		457DF44923EBD70E00405E2D /* main.cpp in Sources */ = {isa = PBXBuildFile; fileRef = 457DF44823EBD70E00405E2D /* main.cpp */; };
		457DF47C23EBF1B200405E2D /* libSDL2-2.0.0.dylib in Frameworks */ = {isa = PBXBuildFile; fileRef = 457DF47B23EBF1B200405E2D /* libSDL2-2.0.0.dylib */; };
		457DF47D23EBF1C600405E2D /* libbox2d.a in Frameworks */ = {isa = PBXBuildFile; fileRef = 457DF45523EBEA8D00405E2D /* libbox2d.a */; };
		457DF47E23EBF20B00405E2D /* libSDL2-2.0.0.dylib in Embed Libraries */ = {isa = PBXBuildFile; fileRef = 457DF47B23EBF1B200405E2D /* libSDL2-2.0.0.dylib */; settings = {ATTRIBUTES = (CodeSignOnCopy, ); }; };
		457DF48423EBF45E00405E2D /* sdl_delete.cpp in Sources */ = {isa = PBXBuildFile; fileRef = 457DF48223EBF45E00405E2D /* sdl_delete.cpp */; };
		45B947FB2400A3E10079F1FC /* maps.cpp in Sources */ = {isa = PBXBuildFile; fileRef = 45B947F92400A3E10079F1FC /* maps.cpp */; };
		45B947FE2400C3950079F1FC /* load_image.cpp in Sources */ = {isa = PBXBuildFile; fileRef = 45B947FC2400C3950079F1FC /* load_image.cpp */; };
		45B948002400C5EB0079F1FC /* battle_arena_map_0.png in CopyFiles */ = {isa = PBXBuildFile; fileRef = 45B947FF2400C5DD0079F1FC /* battle_arena_map_0.png */; };
		45BC5E4723F3833200A07A57 /* destruction.cpp in Sources */ = {isa = PBXBuildFile; fileRef = 45BC5E4523F3833200A07A57 /* destruction.cpp */; };
		45BC5E4A23F4DBBF00A07A57 /* upgrades.cpp in Sources */ = {isa = PBXBuildFile; fileRef = 45BC5E4823F4DBBF00A07A57 /* upgrades.cpp */; };
		45BC5E4D23F51D8000A07A57 /* all.cpp in Sources */ = {isa = PBXBuildFile; fileRef = 45BC5E4B23F51D8000A07A57 /* all.cpp */; };
		45BC5E5023F5302900A07A57 /* frame_cap.cpp in Sources */ = {isa = PBXBuildFile; fileRef = 45BC5E4E23F5302900A07A57 /* frame_cap.cpp */; };
		45BC5E5223F60D9800A07A57 /* libSDL2_ttf-2.0.0.dylib in Frameworks */ = {isa = PBXBuildFile; fileRef = 45BC5E5123F60D9800A07A57 /* libSDL2_ttf-2.0.0.dylib */; };
		45BC5E5323F60D9800A07A57 /* libSDL2_ttf-2.0.0.dylib in Embed Libraries */ = {isa = PBXBuildFile; fileRef = 45BC5E5123F60D9800A07A57 /* libSDL2_ttf-2.0.0.dylib */; settings = {ATTRIBUTES = (CodeSignOnCopy, ); }; };
		45BC5E5923F62BCC00A07A57 /* libFontCache.a in Frameworks */ = {isa = PBXBuildFile; fileRef = 45BC5E5823F62BB700A07A57 /* libFontCache.a */; };
		45BC5E5B23F62E3400A07A57 /* FreeSans.ttf in CopyFiles */ = {isa = PBXBuildFile; fileRef = 45BC5E5A23F62E1600A07A57 /* FreeSans.ttf */; };
		45BC5E6023F64F4600A07A57 /* game_view.cpp in Sources */ = {isa = PBXBuildFile; fileRef = 45BC5E5E23F64F4500A07A57 /* game_view.cpp */; };
		45BC5E6623F664B700A07A57 /* stats_view.cpp in Sources */ = {isa = PBXBuildFile; fileRef = 45BC5E6423F664B700A07A57 /* stats_view.cpp */; };
		45BC5E6923F6754100A07A57 /* resource_path.cpp in Sources */ = {isa = PBXBuildFile; fileRef = 45BC5E6723F6754100A07A57 /* resource_path.cpp */; };
		45BC5E6C23F767EF00A07A57 /* application.cpp in Sources */ = {isa = PBXBuildFile; fileRef = 45BC5E6A23F767EF00A07A57 /* application.cpp */; };
		45C5CA2023ECE5E6000B554D /* handle_input.cpp in Sources */ = {isa = PBXBuildFile; fileRef = 45C5CA1E23ECE5E6000B554D /* handle_input.cpp */; };
		45C5CA2323ECE7C3000B554D /* apply_commands.cpp in Sources */ = {isa = PBXBuildFile; fileRef = 45C5CA2123ECE7C3000B554D /* apply_commands.cpp */; };
		45C5CA2723ECEA5E000B554D /* camera.cpp in Sources */ = {isa = PBXBuildFile; fileRef = 45C5CA2523ECEA5E000B554D /* camera.cpp */; };
		45C5CA2A23ECEE46000B554D /* render.cpp in Sources */ = {isa = PBXBuildFile; fileRef = 45C5CA2823ECEE46000B554D /* render.cpp */; };
		45C5CA3523ED07B6000B554D /* expire.cpp in Sources */ = {isa = PBXBuildFile; fileRef = 45C5CA3323ED07B6000B554D /* expire.cpp */; };
		45C5CA3A23ED16AF000B554D /* physics.cpp in Sources */ = {isa = PBXBuildFile; fileRef = 45C5CA3823ED16AF000B554D /* physics.cpp */; };
		45C5CA3F23EE35F4000B554D /* ships.cpp in Sources */ = {isa = PBXBuildFile; fileRef = 45C5CA3D23EE35F4000B554D /* ships.cpp */; };
		45C5CA4323EE385D000B554D /* physics.cpp in Sources */ = {isa = PBXBuildFile; fileRef = 45C5CA4123EE385D000B554D /* physics.cpp */; };
		45C5CA4623EE3B7A000B554D /* find_target.cpp in Sources */ = {isa = PBXBuildFile; fileRef = 45C5CA4423EE3B7A000B554D /* find_target.cpp */; };
		45C5CA4923EE3E91000B554D /* behave.cpp in Sources */ = {isa = PBXBuildFile; fileRef = 45C5CA4723EE3E91000B554D /* behave.cpp */; };
		45C5CA4C23EE599E000B554D /* weapons.cpp in Sources */ = {isa = PBXBuildFile; fileRef = 45C5CA4A23EE599E000B554D /* weapons.cpp */; };
		45C5CA4F23EF8E93000B554D /* load_texture.cpp in Sources */ = {isa = PBXBuildFile; fileRef = 45C5CA4D23EF8E93000B554D /* load_texture.cpp */; };
		45C5CA5223EF8EE2000B554D /* stb_image.c in Sources */ = {isa = PBXBuildFile; fileRef = 45C5CA5123EF8EE2000B554D /* stb_image.c */; };
		45C5CA5B23EF9A0C000B554D /* arena.cpp in Sources */ = {isa = PBXBuildFile; fileRef = 45C5CA5923EF9A0C000B554D /* arena.cpp */; };
		45C5CA5F23F0E021000B554D /* collisions.cpp in Sources */ = {isa = PBXBuildFile; fileRef = 45C5CA5D23F0E020000B554D /* collisions.cpp */; };
		45C5CA6523F22487000B554D /* stars.png in CopyFiles */ = {isa = PBXBuildFile; fileRef = 45C5CA6423F22455000B554D /* stars.png */; };
		45C5DF0E256238C9003F8217 /* scope_time.cpp in Sources */ = {isa = PBXBuildFile; fileRef = 45C5DF0C256238C9003F8217 /* scope_time.cpp */; };
		45DE83EB23FF69FE000B3F12 /* arena.cpp in Sources */ = {isa = PBXBuildFile; fileRef = 45DE83E923FF69FE000B3F12 /* arena.cpp */; };
		45F6E5F5241738B7004C5B6D /* map_view.cpp in Sources */ = {isa = PBXBuildFile; fileRef = 45F6E5F3241738B7004C5B6D /* map_view.cpp */; };
/* End PBXBuildFile section */

/* Begin PBXCopyFilesBuildPhase section */
		457DF47F23EBF20B00405E2D /* Embed Libraries */ = {
			isa = PBXCopyFilesBuildPhase;
			buildActionMask = 2147483647;
			dstPath = "";
			dstSubfolderSpec = 16;
			files = (
				457DF47E23EBF20B00405E2D /* libSDL2-2.0.0.dylib in Embed Libraries */,
			);
			name = "Embed Libraries";
			runOnlyForDeploymentPostprocessing = 0;
		};
		45BC5E5423F60D9800A07A57 /* Embed Libraries */ = {
			isa = PBXCopyFilesBuildPhase;
			buildActionMask = 2147483647;
			dstPath = "";
			dstSubfolderSpec = 10;
			files = (
				45BC5E5323F60D9800A07A57 /* libSDL2_ttf-2.0.0.dylib in Embed Libraries */,
			);
			name = "Embed Libraries";
			runOnlyForDeploymentPostprocessing = 0;
		};
		45C5CA5723EF9195000B554D /* CopyFiles */ = {
			isa = PBXCopyFilesBuildPhase;
			buildActionMask = 2147483647;
			dstPath = "";
			dstSubfolderSpec = 16;
			files = (
				4545A4A22408C8BF00F47A67 /* stars_dark.png in CopyFiles */,
				45B948002400C5EB0079F1FC /* battle_arena_map_0.png in CopyFiles */,
				45BC5E5B23F62E3400A07A57 /* FreeSans.ttf in CopyFiles */,
				45C5CA6523F22487000B554D /* stars.png in CopyFiles */,
			);
			runOnlyForDeploymentPostprocessing = 0;
		};
/* End PBXCopyFilesBuildPhase section */

/* Begin PBXFileReference section */
		450CDBCE23F8B5B400CF4CEE /* upgrade_view.cpp */ = {isa = PBXFileReference; lastKnownFileType = sourcecode.cpp.cpp; path = upgrade_view.cpp; sourceTree = "<group>"; };
		450CDBCF23F8B5B400CF4CEE /* upgrade_view.hpp */ = {isa = PBXFileReference; lastKnownFileType = sourcecode.cpp.h; path = upgrade_view.hpp; sourceTree = "<group>"; };
		450CDBD423F8F05600CF4CEE /* view.cpp */ = {isa = PBXFileReference; lastKnownFileType = sourcecode.cpp.cpp; path = view.cpp; sourceTree = "<group>"; };
		450CDBD523F8F05600CF4CEE /* view.hpp */ = {isa = PBXFileReference; lastKnownFileType = sourcecode.cpp.h; path = view.hpp; sourceTree = "<group>"; };
		450CDBD723F8F93200CF4CEE /* window.cpp */ = {isa = PBXFileReference; lastKnownFileType = sourcecode.cpp.cpp; path = window.cpp; sourceTree = "<group>"; };
		450CDBD823F8F93200CF4CEE /* window.hpp */ = {isa = PBXFileReference; lastKnownFileType = sourcecode.cpp.h; path = window.hpp; sourceTree = "<group>"; };
		450CDBF823FA363C00CF4CEE /* font_cache.cpp */ = {isa = PBXFileReference; lastKnownFileType = sourcecode.cpp.cpp; path = font_cache.cpp; sourceTree = "<group>"; };
		450CDBF923FA363C00CF4CEE /* font_cache.hpp */ = {isa = PBXFileReference; lastKnownFileType = sourcecode.cpp.h; path = font_cache.hpp; sourceTree = "<group>"; };
		4545A49E2408A47600F47A67 /* ai.cpp */ = {isa = PBXFileReference; lastKnownFileType = sourcecode.cpp.cpp; path = ai.cpp; sourceTree = "<group>"; };
		4545A49F2408A47600F47A67 /* ai.hpp */ = {isa = PBXFileReference; lastKnownFileType = sourcecode.cpp.h; path = ai.hpp; sourceTree = "<group>"; };
		4545A4A12408C8AA00F47A67 /* stars_dark.png */ = {isa = PBXFileReference; lastKnownFileType = image.png; path = stars_dark.png; sourceTree = "<group>"; };
		455EEED524075F1500B340BC /* ai.hpp */ = {isa = PBXFileReference; lastKnownFileType = sourcecode.cpp.h; path = ai.hpp; sourceTree = "<group>"; };
		457DF44523EBD70E00405E2D /* Blue Sparrow */ = {isa = PBXFileReference; explicitFileType = "compiled.mach-o.executable"; includeInIndex = 0; path = "Blue Sparrow"; sourceTree = BUILT_PRODUCTS_DIR; };
		457DF44823EBD70E00405E2D /* main.cpp */ = {isa = PBXFileReference; lastKnownFileType = sourcecode.cpp.cpp; path = main.cpp; sourceTree = "<group>"; };
		457DF45523EBEA8D00405E2D /* libbox2d.a */ = {isa = PBXFileReference; lastKnownFileType = archive.ar; name = libbox2d.a; path = ../../../../../../../usr/local/lib/libbox2d.a; sourceTree = "<group>"; };
		457DF47B23EBF1B200405E2D /* libSDL2-2.0.0.dylib */ = {isa = PBXFileReference; lastKnownFileType = "compiled.mach-o.dylib"; name = "libSDL2-2.0.0.dylib"; path = "../../../../../../../usr/local/Cellar/sdl2/2.0.12_1/lib/libSDL2-2.0.0.dylib"; sourceTree = "<group>"; };
		457DF48123EBF43300405E2D /* sdl_check.hpp */ = {isa = PBXFileReference; lastKnownFileType = sourcecode.cpp.h; path = sdl_check.hpp; sourceTree = "<group>"; };
		457DF48223EBF45E00405E2D /* sdl_delete.cpp */ = {isa = PBXFileReference; lastKnownFileType = sourcecode.cpp.cpp; path = sdl_delete.cpp; sourceTree = "<group>"; };
		457DF48323EBF45E00405E2D /* sdl_delete.hpp */ = {isa = PBXFileReference; lastKnownFileType = sourcecode.cpp.h; path = sdl_delete.hpp; sourceTree = "<group>"; };
		45B947F92400A3E10079F1FC /* maps.cpp */ = {isa = PBXFileReference; lastKnownFileType = sourcecode.cpp.cpp; path = maps.cpp; sourceTree = "<group>"; };
		45B947FA2400A3E10079F1FC /* maps.hpp */ = {isa = PBXFileReference; lastKnownFileType = sourcecode.cpp.h; path = maps.hpp; sourceTree = "<group>"; };
		45B947FC2400C3950079F1FC /* load_image.cpp */ = {isa = PBXFileReference; lastKnownFileType = sourcecode.cpp.cpp; path = load_image.cpp; sourceTree = "<group>"; };
		45B947FD2400C3950079F1FC /* load_image.hpp */ = {isa = PBXFileReference; lastKnownFileType = sourcecode.cpp.h; path = load_image.hpp; sourceTree = "<group>"; };
		45B947FF2400C5DD0079F1FC /* battle_arena_map_0.png */ = {isa = PBXFileReference; lastKnownFileType = image.png; path = battle_arena_map_0.png; sourceTree = "<group>"; };
		45BC5E4523F3833200A07A57 /* destruction.cpp */ = {isa = PBXFileReference; lastKnownFileType = sourcecode.cpp.cpp; path = destruction.cpp; sourceTree = "<group>"; };
		45BC5E4623F3833200A07A57 /* destruction.hpp */ = {isa = PBXFileReference; lastKnownFileType = sourcecode.cpp.h; path = destruction.hpp; sourceTree = "<group>"; };
		45BC5E4823F4DBBF00A07A57 /* upgrades.cpp */ = {isa = PBXFileReference; lastKnownFileType = sourcecode.cpp.cpp; path = upgrades.cpp; sourceTree = "<group>"; };
		45BC5E4923F4DBBF00A07A57 /* upgrades.hpp */ = {isa = PBXFileReference; lastKnownFileType = sourcecode.cpp.h; path = upgrades.hpp; sourceTree = "<group>"; };
		45BC5E4B23F51D8000A07A57 /* all.cpp */ = {isa = PBXFileReference; lastKnownFileType = sourcecode.cpp.cpp; path = all.cpp; sourceTree = "<group>"; };
		45BC5E4C23F51D8000A07A57 /* all.hpp */ = {isa = PBXFileReference; lastKnownFileType = sourcecode.cpp.h; path = all.hpp; sourceTree = "<group>"; };
		45BC5E4E23F5302900A07A57 /* frame_cap.cpp */ = {isa = PBXFileReference; lastKnownFileType = sourcecode.cpp.cpp; path = frame_cap.cpp; sourceTree = "<group>"; };
		45BC5E4F23F5302900A07A57 /* frame_cap.hpp */ = {isa = PBXFileReference; lastKnownFileType = sourcecode.cpp.h; path = frame_cap.hpp; sourceTree = "<group>"; };
		45BC5E5123F60D9800A07A57 /* libSDL2_ttf-2.0.0.dylib */ = {isa = PBXFileReference; lastKnownFileType = "compiled.mach-o.dylib"; name = "libSDL2_ttf-2.0.0.dylib"; path = "../../../../../../../usr/local/Cellar/sdl2_ttf/2.0.15/lib/libSDL2_ttf-2.0.0.dylib"; sourceTree = "<group>"; };
		45BC5E5823F62BB700A07A57 /* libFontCache.a */ = {isa = PBXFileReference; lastKnownFileType = archive.ar; name = libFontCache.a; path = ../../../../../../../usr/local/lib/libFontCache.a; sourceTree = "<group>"; };
		45BC5E5A23F62E1600A07A57 /* FreeSans.ttf */ = {isa = PBXFileReference; lastKnownFileType = file; path = FreeSans.ttf; sourceTree = "<group>"; };
		45BC5E5C23F632FE00A07A57 /* Blue Sparrow.entitlements */ = {isa = PBXFileReference; lastKnownFileType = text.plist.entitlements; path = "Blue Sparrow.entitlements"; sourceTree = "<group>"; };
		45BC5E5E23F64F4500A07A57 /* game_view.cpp */ = {isa = PBXFileReference; lastKnownFileType = sourcecode.cpp.cpp; path = game_view.cpp; sourceTree = "<group>"; };
		45BC5E5F23F64F4500A07A57 /* game_view.hpp */ = {isa = PBXFileReference; lastKnownFileType = sourcecode.cpp.h; path = game_view.hpp; sourceTree = "<group>"; };
		45BC5E6423F664B700A07A57 /* stats_view.cpp */ = {isa = PBXFileReference; lastKnownFileType = sourcecode.cpp.cpp; path = stats_view.cpp; sourceTree = "<group>"; };
		45BC5E6523F664B700A07A57 /* stats_view.hpp */ = {isa = PBXFileReference; lastKnownFileType = sourcecode.cpp.h; path = stats_view.hpp; sourceTree = "<group>"; };
		45BC5E6723F6754100A07A57 /* resource_path.cpp */ = {isa = PBXFileReference; lastKnownFileType = sourcecode.cpp.cpp; path = resource_path.cpp; sourceTree = "<group>"; };
		45BC5E6823F6754100A07A57 /* resource_path.hpp */ = {isa = PBXFileReference; lastKnownFileType = sourcecode.cpp.h; path = resource_path.hpp; sourceTree = "<group>"; };
		45BC5E6A23F767EF00A07A57 /* application.cpp */ = {isa = PBXFileReference; lastKnownFileType = sourcecode.cpp.cpp; path = application.cpp; sourceTree = "<group>"; };
		45BC5E6B23F767EF00A07A57 /* application.hpp */ = {isa = PBXFileReference; lastKnownFileType = sourcecode.cpp.h; path = application.hpp; sourceTree = "<group>"; };
		45C5CA1723ECE3DA000B554D /* physics.hpp */ = {isa = PBXFileReference; lastKnownFileType = sourcecode.cpp.h; path = physics.hpp; sourceTree = "<group>"; };
		45C5CA1823ECE41E000B554D /* graphics.hpp */ = {isa = PBXFileReference; lastKnownFileType = sourcecode.cpp.h; path = graphics.hpp; sourceTree = "<group>"; };
		45C5CA1923ECE4FD000B554D /* input.hpp */ = {isa = PBXFileReference; lastKnownFileType = sourcecode.cpp.h; path = input.hpp; sourceTree = "<group>"; };
		45C5CA1E23ECE5E6000B554D /* handle_input.cpp */ = {isa = PBXFileReference; lastKnownFileType = sourcecode.cpp.cpp; path = handle_input.cpp; sourceTree = "<group>"; };
		45C5CA1F23ECE5E6000B554D /* handle_input.hpp */ = {isa = PBXFileReference; lastKnownFileType = sourcecode.cpp.h; path = handle_input.hpp; sourceTree = "<group>"; };
		45C5CA2123ECE7C3000B554D /* apply_commands.cpp */ = {isa = PBXFileReference; lastKnownFileType = sourcecode.cpp.cpp; path = apply_commands.cpp; sourceTree = "<group>"; };
		45C5CA2223ECE7C3000B554D /* apply_commands.hpp */ = {isa = PBXFileReference; lastKnownFileType = sourcecode.cpp.h; path = apply_commands.hpp; sourceTree = "<group>"; };
		45C5CA2423ECE8F2000B554D /* params.hpp */ = {isa = PBXFileReference; lastKnownFileType = sourcecode.cpp.h; path = params.hpp; sourceTree = "<group>"; };
		45C5CA2523ECEA5E000B554D /* camera.cpp */ = {isa = PBXFileReference; lastKnownFileType = sourcecode.cpp.cpp; path = camera.cpp; sourceTree = "<group>"; };
		45C5CA2623ECEA5E000B554D /* camera.hpp */ = {isa = PBXFileReference; lastKnownFileType = sourcecode.cpp.h; path = camera.hpp; sourceTree = "<group>"; };
		45C5CA2823ECEE46000B554D /* render.cpp */ = {isa = PBXFileReference; lastKnownFileType = sourcecode.cpp.cpp; path = render.cpp; sourceTree = "<group>"; };
		45C5CA2923ECEE46000B554D /* render.hpp */ = {isa = PBXFileReference; lastKnownFileType = sourcecode.cpp.h; path = render.hpp; sourceTree = "<group>"; };
		45C5CA3223ED06CC000B554D /* timers.hpp */ = {isa = PBXFileReference; lastKnownFileType = sourcecode.cpp.h; path = timers.hpp; sourceTree = "<group>"; };
		45C5CA3323ED07B6000B554D /* expire.cpp */ = {isa = PBXFileReference; lastKnownFileType = sourcecode.cpp.cpp; path = expire.cpp; sourceTree = "<group>"; };
		45C5CA3423ED07B6000B554D /* expire.hpp */ = {isa = PBXFileReference; lastKnownFileType = sourcecode.cpp.h; path = expire.hpp; sourceTree = "<group>"; };
		45C5CA3823ED16AF000B554D /* physics.cpp */ = {isa = PBXFileReference; lastKnownFileType = sourcecode.cpp.cpp; path = physics.cpp; sourceTree = "<group>"; };
		45C5CA3923ED16AF000B554D /* physics.hpp */ = {isa = PBXFileReference; lastKnownFileType = sourcecode.cpp.h; path = physics.hpp; sourceTree = "<group>"; };
		45C5CA3B23ED2636000B554D /* teams.hpp */ = {isa = PBXFileReference; lastKnownFileType = sourcecode.cpp.h; path = teams.hpp; sourceTree = "<group>"; };
		45C5CA3C23ED54C9000B554D /* each.hpp */ = {isa = PBXFileReference; lastKnownFileType = sourcecode.cpp.h; path = each.hpp; sourceTree = "<group>"; };
		45C5CA3D23EE35F4000B554D /* ships.cpp */ = {isa = PBXFileReference; lastKnownFileType = sourcecode.cpp.cpp; path = ships.cpp; sourceTree = "<group>"; };
		45C5CA3E23EE35F4000B554D /* ships.hpp */ = {isa = PBXFileReference; lastKnownFileType = sourcecode.cpp.h; path = ships.hpp; sourceTree = "<group>"; };
		45C5CA4023EE37FC000B554D /* behaviour.hpp */ = {isa = PBXFileReference; lastKnownFileType = sourcecode.cpp.h; path = behaviour.hpp; sourceTree = "<group>"; };
		45C5CA4123EE385D000B554D /* physics.cpp */ = {isa = PBXFileReference; lastKnownFileType = sourcecode.cpp.cpp; path = physics.cpp; sourceTree = "<group>"; };
		45C5CA4223EE385D000B554D /* physics.hpp */ = {isa = PBXFileReference; lastKnownFileType = sourcecode.cpp.h; path = physics.hpp; sourceTree = "<group>"; };
		45C5CA4423EE3B7A000B554D /* find_target.cpp */ = {isa = PBXFileReference; lastKnownFileType = sourcecode.cpp.cpp; path = find_target.cpp; sourceTree = "<group>"; };
		45C5CA4523EE3B7A000B554D /* find_target.hpp */ = {isa = PBXFileReference; lastKnownFileType = sourcecode.cpp.h; path = find_target.hpp; sourceTree = "<group>"; };
		45C5CA4723EE3E91000B554D /* behave.cpp */ = {isa = PBXFileReference; lastKnownFileType = sourcecode.cpp.cpp; path = behave.cpp; sourceTree = "<group>"; };
		45C5CA4823EE3E91000B554D /* behave.hpp */ = {isa = PBXFileReference; lastKnownFileType = sourcecode.cpp.h; path = behave.hpp; sourceTree = "<group>"; };
		45C5CA4A23EE599E000B554D /* weapons.cpp */ = {isa = PBXFileReference; lastKnownFileType = sourcecode.cpp.cpp; path = weapons.cpp; sourceTree = "<group>"; };
		45C5CA4B23EE599E000B554D /* weapons.hpp */ = {isa = PBXFileReference; lastKnownFileType = sourcecode.cpp.h; path = weapons.hpp; sourceTree = "<group>"; };
		45C5CA4D23EF8E93000B554D /* load_texture.cpp */ = {isa = PBXFileReference; lastKnownFileType = sourcecode.cpp.cpp; path = load_texture.cpp; sourceTree = "<group>"; };
		45C5CA4E23EF8E93000B554D /* load_texture.hpp */ = {isa = PBXFileReference; lastKnownFileType = sourcecode.cpp.h; path = load_texture.hpp; sourceTree = "<group>"; };
		45C5CA5023EF8ED5000B554D /* stb_image.h */ = {isa = PBXFileReference; lastKnownFileType = sourcecode.c.h; path = stb_image.h; sourceTree = "<group>"; };
		45C5CA5123EF8EE2000B554D /* stb_image.c */ = {isa = PBXFileReference; fileEncoding = 4; lastKnownFileType = sourcecode.c.c; path = stb_image.c; sourceTree = "<group>"; };
		45C5CA5923EF9A0C000B554D /* arena.cpp */ = {isa = PBXFileReference; lastKnownFileType = sourcecode.cpp.cpp; path = arena.cpp; sourceTree = "<group>"; };
		45C5CA5A23EF9A0C000B554D /* arena.hpp */ = {isa = PBXFileReference; lastKnownFileType = sourcecode.cpp.h; path = arena.hpp; sourceTree = "<group>"; };
		45C5CA5C23F0DC85000B554D /* ammo.hpp */ = {isa = PBXFileReference; lastKnownFileType = sourcecode.cpp.h; path = ammo.hpp; sourceTree = "<group>"; };
		45C5CA5D23F0E020000B554D /* collisions.cpp */ = {isa = PBXFileReference; lastKnownFileType = sourcecode.cpp.cpp; path = collisions.cpp; sourceTree = "<group>"; };
		45C5CA5E23F0E020000B554D /* collisions.hpp */ = {isa = PBXFileReference; lastKnownFileType = sourcecode.cpp.h; path = collisions.hpp; sourceTree = "<group>"; };
		45C5CA6323F107D8000B554D /* physics.hpp */ = {isa = PBXFileReference; lastKnownFileType = sourcecode.cpp.h; path = physics.hpp; sourceTree = "<group>"; };
		45C5CA6423F22455000B554D /* stars.png */ = {isa = PBXFileReference; lastKnownFileType = image.png; path = stars.png; sourceTree = "<group>"; };
		45C5CA6923F25263000B554D /* levels.hpp */ = {isa = PBXFileReference; lastKnownFileType = sourcecode.cpp.h; path = levels.hpp; sourceTree = "<group>"; };
		45C5DF0C256238C9003F8217 /* scope_time.cpp */ = {isa = PBXFileReference; fileEncoding = 4; lastKnownFileType = sourcecode.cpp.cpp; path = scope_time.cpp; sourceTree = "<group>"; };
		45C5DF0D256238C9003F8217 /* scope_time.hpp */ = {isa = PBXFileReference; fileEncoding = 4; lastKnownFileType = sourcecode.cpp.h; path = scope_time.hpp; sourceTree = "<group>"; };
		45C5DF102563557D003F8217 /* constants.hpp */ = {isa = PBXFileReference; lastKnownFileType = sourcecode.cpp.h; path = constants.hpp; sourceTree = "<group>"; };
		45DE83E823FF633B000B3F12 /* arena.hpp */ = {isa = PBXFileReference; lastKnownFileType = sourcecode.cpp.h; path = arena.hpp; sourceTree = "<group>"; };
		45DE83E923FF69FE000B3F12 /* arena.cpp */ = {isa = PBXFileReference; lastKnownFileType = sourcecode.cpp.cpp; path = arena.cpp; sourceTree = "<group>"; };
		45DE83EA23FF69FE000B3F12 /* arena.hpp */ = {isa = PBXFileReference; lastKnownFileType = sourcecode.cpp.h; path = arena.hpp; sourceTree = "<group>"; };
		45DE83EC23FF883D000B3F12 /* collisions.hpp */ = {isa = PBXFileReference; lastKnownFileType = sourcecode.cpp.h; path = collisions.hpp; sourceTree = "<group>"; };
		45F6E5F3241738B7004C5B6D /* map_view.cpp */ = {isa = PBXFileReference; lastKnownFileType = sourcecode.cpp.cpp; path = map_view.cpp; sourceTree = "<group>"; };
		45F6E5F4241738B7004C5B6D /* map_view.hpp */ = {isa = PBXFileReference; lastKnownFileType = sourcecode.cpp.h; path = map_view.hpp; sourceTree = "<group>"; };
/* End PBXFileReference section */

/* Begin PBXFrameworksBuildPhase section */
		457DF44223EBD70E00405E2D /* Frameworks */ = {
			isa = PBXFrameworksBuildPhase;
			buildActionMask = 2147483647;
			files = (
				45BC5E5223F60D9800A07A57 /* libSDL2_ttf-2.0.0.dylib in Frameworks */,
				457DF47D23EBF1C600405E2D /* libbox2d.a in Frameworks */,
				457DF47C23EBF1B200405E2D /* libSDL2-2.0.0.dylib in Frameworks */,
				45BC5E5923F62BCC00A07A57 /* libFontCache.a in Frameworks */,
			);
			runOnlyForDeploymentPostprocessing = 0;
		};
/* End PBXFrameworksBuildPhase section */

/* Begin PBXGroup section */
		457DF43C23EBD70E00405E2D = {
			isa = PBXGroup;
			children = (
				45BC5E5C23F632FE00A07A57 /* Blue Sparrow.entitlements */,
				45C5CA5323EF8FBF000B554D /* assets */,
				457DF44723EBD70E00405E2D /* src */,
				457DF44623EBD70E00405E2D /* Products */,
				457DF44F23EBE34E00405E2D /* Frameworks */,
			);
			sourceTree = "<group>";
		};
		457DF44623EBD70E00405E2D /* Products */ = {
			isa = PBXGroup;
			children = (
				457DF44523EBD70E00405E2D /* Blue Sparrow */,
			);
			name = Products;
			sourceTree = "<group>";
		};
		457DF44723EBD70E00405E2D /* src */ = {
			isa = PBXGroup;
			children = (
				45C5DF0F25635537003F8217 /* config */,
				45BC5E5D23F64D7300A07A57 /* ui */,
				45C5CA2B23ECF022000B554D /* factories */,
				45C5CA1A23ECE54F000B554D /* systems */,
				45C5CA1623ECE355000B554D /* comps */,
				457DF48023EBF40000405E2D /* utils */,
				457DF44823EBD70E00405E2D /* main.cpp */,
			);
			path = src;
			sourceTree = "<group>";
		};
		457DF44F23EBE34E00405E2D /* Frameworks */ = {
			isa = PBXGroup;
			children = (
				45BC5E5823F62BB700A07A57 /* libFontCache.a */,
				45BC5E5123F60D9800A07A57 /* libSDL2_ttf-2.0.0.dylib */,
				457DF47B23EBF1B200405E2D /* libSDL2-2.0.0.dylib */,
				457DF45523EBEA8D00405E2D /* libbox2d.a */,
			);
			name = Frameworks;
			sourceTree = "<group>";
		};
		457DF48023EBF40000405E2D /* utils */ = {
			isa = PBXGroup;
			children = (
				45C5DF0C256238C9003F8217 /* scope_time.cpp */,
				45C5DF0D256238C9003F8217 /* scope_time.hpp */,
				45C5CA5123EF8EE2000B554D /* stb_image.c */,
				45C5CA5023EF8ED5000B554D /* stb_image.h */,
				457DF48123EBF43300405E2D /* sdl_check.hpp */,
				457DF48223EBF45E00405E2D /* sdl_delete.cpp */,
				457DF48323EBF45E00405E2D /* sdl_delete.hpp */,
				45C5CA3C23ED54C9000B554D /* each.hpp */,
				45B947FC2400C3950079F1FC /* load_image.cpp */,
				45B947FD2400C3950079F1FC /* load_image.hpp */,
				45C5CA4D23EF8E93000B554D /* load_texture.cpp */,
				45C5CA4E23EF8E93000B554D /* load_texture.hpp */,
				45C5CA6323F107D8000B554D /* physics.hpp */,
				45BC5E4E23F5302900A07A57 /* frame_cap.cpp */,
				45BC5E4F23F5302900A07A57 /* frame_cap.hpp */,
				45BC5E6723F6754100A07A57 /* resource_path.cpp */,
				45BC5E6823F6754100A07A57 /* resource_path.hpp */,
			);
			path = utils;
			sourceTree = "<group>";
		};
		45BC5E5D23F64D7300A07A57 /* ui */ = {
			isa = PBXGroup;
			children = (
				45BC5E6A23F767EF00A07A57 /* application.cpp */,
				45BC5E6B23F767EF00A07A57 /* application.hpp */,
				450CDBD423F8F05600CF4CEE /* view.cpp */,
				450CDBD523F8F05600CF4CEE /* view.hpp */,
				450CDBD723F8F93200CF4CEE /* window.cpp */,
				450CDBD823F8F93200CF4CEE /* window.hpp */,
				45BC5E5E23F64F4500A07A57 /* game_view.cpp */,
				45BC5E5F23F64F4500A07A57 /* game_view.hpp */,
				45BC5E6423F664B700A07A57 /* stats_view.cpp */,
				45BC5E6523F664B700A07A57 /* stats_view.hpp */,
				450CDBCE23F8B5B400CF4CEE /* upgrade_view.cpp */,
				450CDBCF23F8B5B400CF4CEE /* upgrade_view.hpp */,
				45F6E5F3241738B7004C5B6D /* map_view.cpp */,
				45F6E5F4241738B7004C5B6D /* map_view.hpp */,
				450CDBF823FA363C00CF4CEE /* font_cache.cpp */,
				450CDBF923FA363C00CF4CEE /* font_cache.hpp */,
			);
			path = ui;
			sourceTree = "<group>";
		};
		45C5CA1623ECE355000B554D /* comps */ = {
			isa = PBXGroup;
			children = (
				45C5CA1723ECE3DA000B554D /* physics.hpp */,
				45C5CA1823ECE41E000B554D /* graphics.hpp */,
				45C5CA1923ECE4FD000B554D /* input.hpp */,
				45C5CA2423ECE8F2000B554D /* params.hpp */,
				45C5CA3223ED06CC000B554D /* timers.hpp */,
				45C5CA3B23ED2636000B554D /* teams.hpp */,
				45C5CA4023EE37FC000B554D /* behaviour.hpp */,
				45C5CA5C23F0DC85000B554D /* ammo.hpp */,
				45C5CA6923F25263000B554D /* levels.hpp */,
				45DE83E823FF633B000B3F12 /* arena.hpp */,
				45DE83EC23FF883D000B3F12 /* collisions.hpp */,
				455EEED524075F1500B340BC /* ai.hpp */,
			);
			path = comps;
			sourceTree = "<group>";
		};
		45C5CA1A23ECE54F000B554D /* systems */ = {
			isa = PBXGroup;
			children = (
				45C5CA1E23ECE5E6000B554D /* handle_input.cpp */,
				45C5CA1F23ECE5E6000B554D /* handle_input.hpp */,
				45C5CA2123ECE7C3000B554D /* apply_commands.cpp */,
				45C5CA2223ECE7C3000B554D /* apply_commands.hpp */,
				45C5CA2523ECEA5E000B554D /* camera.cpp */,
				45C5CA2623ECEA5E000B554D /* camera.hpp */,
				45C5CA2823ECEE46000B554D /* render.cpp */,
				45C5CA2923ECEE46000B554D /* render.hpp */,
				45C5CA3323ED07B6000B554D /* expire.cpp */,
				45C5CA3423ED07B6000B554D /* expire.hpp */,
				45C5CA3823ED16AF000B554D /* physics.cpp */,
				45C5CA3923ED16AF000B554D /* physics.hpp */,
				45C5CA4423EE3B7A000B554D /* find_target.cpp */,
				45C5CA4523EE3B7A000B554D /* find_target.hpp */,
				45C5CA4723EE3E91000B554D /* behave.cpp */,
				45C5CA4823EE3E91000B554D /* behave.hpp */,
				45C5CA5D23F0E020000B554D /* collisions.cpp */,
				45C5CA5E23F0E020000B554D /* collisions.hpp */,
				45BC5E4523F3833200A07A57 /* destruction.cpp */,
				45BC5E4623F3833200A07A57 /* destruction.hpp */,
				45DE83E923FF69FE000B3F12 /* arena.cpp */,
				45DE83EA23FF69FE000B3F12 /* arena.hpp */,
				4545A49E2408A47600F47A67 /* ai.cpp */,
				4545A49F2408A47600F47A67 /* ai.hpp */,
				45BC5E4B23F51D8000A07A57 /* all.cpp */,
				45BC5E4C23F51D8000A07A57 /* all.hpp */,
			);
			path = systems;
			sourceTree = "<group>";
		};
		45C5CA2B23ECF022000B554D /* factories */ = {
			isa = PBXGroup;
			children = (
				45C5CA4123EE385D000B554D /* physics.cpp */,
				45C5CA4223EE385D000B554D /* physics.hpp */,
				45C5CA3D23EE35F4000B554D /* ships.cpp */,
				45C5CA3E23EE35F4000B554D /* ships.hpp */,
				45C5CA4A23EE599E000B554D /* weapons.cpp */,
				45C5CA4B23EE599E000B554D /* weapons.hpp */,
				45C5CA5923EF9A0C000B554D /* arena.cpp */,
				45C5CA5A23EF9A0C000B554D /* arena.hpp */,
				45BC5E4823F4DBBF00A07A57 /* upgrades.cpp */,
				45BC5E4923F4DBBF00A07A57 /* upgrades.hpp */,
				45B947F92400A3E10079F1FC /* maps.cpp */,
				45B947FA2400A3E10079F1FC /* maps.hpp */,
			);
			path = factories;
			sourceTree = "<group>";
		};
		45C5CA5323EF8FBF000B554D /* assets */ = {
			isa = PBXGroup;
			children = (
				45C5CA6423F22455000B554D /* stars.png */,
				4545A4A12408C8AA00F47A67 /* stars_dark.png */,
				45BC5E5A23F62E1600A07A57 /* FreeSans.ttf */,
				45B947FF2400C5DD0079F1FC /* battle_arena_map_0.png */,
			);
			path = assets;
			sourceTree = "<group>";
		};
		45C5DF0F25635537003F8217 /* config */ = {
			isa = PBXGroup;
			children = (
				45C5DF102563557D003F8217 /* constants.hpp */,
			);
			path = config;
			sourceTree = "<group>";
		};
/* End PBXGroup section */

/* Begin PBXNativeTarget section */
		457DF44423EBD70E00405E2D /* Blue Sparrow */ = {
			isa = PBXNativeTarget;
			buildConfigurationList = 457DF44C23EBD70E00405E2D /* Build configuration list for PBXNativeTarget "Blue Sparrow" */;
			buildPhases = (
				457DF47F23EBF20B00405E2D /* Embed Libraries */,
				457DF44123EBD70E00405E2D /* Sources */,
				457DF44223EBD70E00405E2D /* Frameworks */,
				45C5CA5723EF9195000B554D /* CopyFiles */,
				45BC5E5423F60D9800A07A57 /* Embed Libraries */,
			);
			buildRules = (
			);
			dependencies = (
			);
			name = "Blue Sparrow";
			productName = "Blue Sparrow";
			productReference = 457DF44523EBD70E00405E2D /* Blue Sparrow */;
			productType = "com.apple.product-type.tool";
		};
/* End PBXNativeTarget section */

/* Begin PBXProject section */
		457DF43D23EBD70E00405E2D /* Project object */ = {
			isa = PBXProject;
			attributes = {
				LastUpgradeCheck = 1130;
				ORGANIZATIONNAME = "Indiana Kernick";
				TargetAttributes = {
					457DF44423EBD70E00405E2D = {
						CreatedOnToolsVersion = 11.3;
					};
				};
			};
			buildConfigurationList = 457DF44023EBD70E00405E2D /* Build configuration list for PBXProject "Blue Sparrow" */;
			compatibilityVersion = "Xcode 9.3";
			developmentRegion = en;
			hasScannedForEncodings = 0;
			knownRegions = (
				en,
				Base,
			);
			mainGroup = 457DF43C23EBD70E00405E2D;
			productRefGroup = 457DF44623EBD70E00405E2D /* Products */;
			projectDirPath = "";
			projectRoot = "";
			targets = (
				457DF44423EBD70E00405E2D /* Blue Sparrow */,
			);
		};
/* End PBXProject section */

/* Begin PBXSourcesBuildPhase section */
		457DF44123EBD70E00405E2D /* Sources */ = {
			isa = PBXSourcesBuildPhase;
			buildActionMask = 2147483647;
			files = (
				45BC5E4D23F51D8000A07A57 /* all.cpp in Sources */,
				45B947FE2400C3950079F1FC /* load_image.cpp in Sources */,
				45C5CA4C23EE599E000B554D /* weapons.cpp in Sources */,
				457DF48423EBF45E00405E2D /* sdl_delete.cpp in Sources */,
				45BC5E6023F64F4600A07A57 /* game_view.cpp in Sources */,
				45C5CA5223EF8EE2000B554D /* stb_image.c in Sources */,
				45C5CA4F23EF8E93000B554D /* load_texture.cpp in Sources */,
				45B947FB2400A3E10079F1FC /* maps.cpp in Sources */,
				4545A4A02408A47600F47A67 /* ai.cpp in Sources */,
				45C5CA2723ECEA5E000B554D /* camera.cpp in Sources */,
				457DF44923EBD70E00405E2D /* main.cpp in Sources */,
				45C5CA4923EE3E91000B554D /* behave.cpp in Sources */,
				45C5CA2A23ECEE46000B554D /* render.cpp in Sources */,
				45C5CA3523ED07B6000B554D /* expire.cpp in Sources */,
				45C5CA2323ECE7C3000B554D /* apply_commands.cpp in Sources */,
				450CDBD023F8B5B400CF4CEE /* upgrade_view.cpp in Sources */,
				450CDBD923F8F93200CF4CEE /* window.cpp in Sources */,
				45BC5E6C23F767EF00A07A57 /* application.cpp in Sources */,
				45C5CA4623EE3B7A000B554D /* find_target.cpp in Sources */,
				45C5CA4323EE385D000B554D /* physics.cpp in Sources */,
				45C5CA5B23EF9A0C000B554D /* arena.cpp in Sources */,
				45F6E5F5241738B7004C5B6D /* map_view.cpp in Sources */,
				45C5CA3F23EE35F4000B554D /* ships.cpp in Sources */,
				45C5CA3A23ED16AF000B554D /* physics.cpp in Sources */,
				45BC5E4A23F4DBBF00A07A57 /* upgrades.cpp in Sources */,
				45C5CA2023ECE5E6000B554D /* handle_input.cpp in Sources */,
				45BC5E6623F664B700A07A57 /* stats_view.cpp in Sources */,
				45C5CA5F23F0E021000B554D /* collisions.cpp in Sources */,
				450CDBD623F8F05600CF4CEE /* view.cpp in Sources */,
				45C5DF0E256238C9003F8217 /* scope_time.cpp in Sources */,
				45DE83EB23FF69FE000B3F12 /* arena.cpp in Sources */,
				45BC5E5023F5302900A07A57 /* frame_cap.cpp in Sources */,
				45BC5E6923F6754100A07A57 /* resource_path.cpp in Sources */,
				45BC5E4723F3833200A07A57 /* destruction.cpp in Sources */,
				450CDBFA23FA363C00CF4CEE /* font_cache.cpp in Sources */,
			);
			runOnlyForDeploymentPostprocessing = 0;
		};
/* End PBXSourcesBuildPhase section */

/* Begin XCBuildConfiguration section */
		457DF44A23EBD70E00405E2D /* Debug */ = {
			isa = XCBuildConfiguration;
			buildSettings = {
				ALWAYS_SEARCH_USER_PATHS = NO;
				CLANG_ANALYZER_NONNULL = YES;
				CLANG_ANALYZER_NUMBER_OBJECT_CONVERSION = YES_AGGRESSIVE;
				CLANG_CXX_LANGUAGE_STANDARD = "gnu++14";
				CLANG_CXX_LIBRARY = "libc++";
				CLANG_ENABLE_MODULES = YES;
				CLANG_ENABLE_OBJC_ARC = YES;
				CLANG_ENABLE_OBJC_WEAK = YES;
				CLANG_WARN_BLOCK_CAPTURE_AUTORELEASING = YES;
				CLANG_WARN_BOOL_CONVERSION = YES;
				CLANG_WARN_COMMA = YES;
				CLANG_WARN_CONSTANT_CONVERSION = YES;
				CLANG_WARN_DEPRECATED_OBJC_IMPLEMENTATIONS = YES;
				CLANG_WARN_DIRECT_OBJC_ISA_USAGE = YES_ERROR;
				CLANG_WARN_DOCUMENTATION_COMMENTS = YES;
				CLANG_WARN_EMPTY_BODY = YES;
				CLANG_WARN_ENUM_CONVERSION = YES;
				CLANG_WARN_INFINITE_RECURSION = YES;
				CLANG_WARN_INT_CONVERSION = YES;
				CLANG_WARN_NON_LITERAL_NULL_CONVERSION = YES;
				CLANG_WARN_OBJC_IMPLICIT_RETAIN_SELF = YES;
				CLANG_WARN_OBJC_LITERAL_CONVERSION = YES;
				CLANG_WARN_OBJC_ROOT_CLASS = YES_ERROR;
				CLANG_WARN_RANGE_LOOP_ANALYSIS = YES;
				CLANG_WARN_STRICT_PROTOTYPES = YES;
				CLANG_WARN_SUSPICIOUS_MOVE = YES;
				CLANG_WARN_UNGUARDED_AVAILABILITY = YES_AGGRESSIVE;
				CLANG_WARN_UNREACHABLE_CODE = YES;
				CLANG_WARN__DUPLICATE_METHOD_MATCH = YES;
				COPY_PHASE_STRIP = NO;
				DEBUG_INFORMATION_FORMAT = dwarf;
				ENABLE_STRICT_OBJC_MSGSEND = YES;
				ENABLE_TESTABILITY = YES;
				GCC_C_LANGUAGE_STANDARD = gnu11;
				GCC_DYNAMIC_NO_PIC = NO;
				GCC_NO_COMMON_BLOCKS = YES;
				GCC_OPTIMIZATION_LEVEL = 0;
				GCC_PREPROCESSOR_DEFINITIONS = (
					"DEBUG=1",
					"$(inherited)",
				);
				GCC_WARN_64_TO_32_BIT_CONVERSION = YES;
				GCC_WARN_ABOUT_RETURN_TYPE = YES_ERROR;
				GCC_WARN_UNDECLARED_SELECTOR = YES;
				GCC_WARN_UNINITIALIZED_AUTOS = YES_AGGRESSIVE;
				GCC_WARN_UNUSED_FUNCTION = YES;
				GCC_WARN_UNUSED_VARIABLE = YES;
				MACOSX_DEPLOYMENT_TARGET = 10.15;
				MTL_ENABLE_DEBUG_INFO = INCLUDE_SOURCE;
				MTL_FAST_MATH = YES;
				ONLY_ACTIVE_ARCH = YES;
				SDKROOT = macosx;
			};
			name = Debug;
		};
		457DF44B23EBD70E00405E2D /* Release */ = {
			isa = XCBuildConfiguration;
			buildSettings = {
				ALWAYS_SEARCH_USER_PATHS = NO;
				CLANG_ANALYZER_NONNULL = YES;
				CLANG_ANALYZER_NUMBER_OBJECT_CONVERSION = YES_AGGRESSIVE;
				CLANG_CXX_LANGUAGE_STANDARD = "gnu++14";
				CLANG_CXX_LIBRARY = "libc++";
				CLANG_ENABLE_MODULES = YES;
				CLANG_ENABLE_OBJC_ARC = YES;
				CLANG_ENABLE_OBJC_WEAK = YES;
				CLANG_WARN_BLOCK_CAPTURE_AUTORELEASING = YES;
				CLANG_WARN_BOOL_CONVERSION = YES;
				CLANG_WARN_COMMA = YES;
				CLANG_WARN_CONSTANT_CONVERSION = YES;
				CLANG_WARN_DEPRECATED_OBJC_IMPLEMENTATIONS = YES;
				CLANG_WARN_DIRECT_OBJC_ISA_USAGE = YES_ERROR;
				CLANG_WARN_DOCUMENTATION_COMMENTS = YES;
				CLANG_WARN_EMPTY_BODY = YES;
				CLANG_WARN_ENUM_CONVERSION = YES;
				CLANG_WARN_INFINITE_RECURSION = YES;
				CLANG_WARN_INT_CONVERSION = YES;
				CLANG_WARN_NON_LITERAL_NULL_CONVERSION = YES;
				CLANG_WARN_OBJC_IMPLICIT_RETAIN_SELF = YES;
				CLANG_WARN_OBJC_LITERAL_CONVERSION = YES;
				CLANG_WARN_OBJC_ROOT_CLASS = YES_ERROR;
				CLANG_WARN_RANGE_LOOP_ANALYSIS = YES;
				CLANG_WARN_STRICT_PROTOTYPES = YES;
				CLANG_WARN_SUSPICIOUS_MOVE = YES;
				CLANG_WARN_UNGUARDED_AVAILABILITY = YES_AGGRESSIVE;
				CLANG_WARN_UNREACHABLE_CODE = YES;
				CLANG_WARN__DUPLICATE_METHOD_MATCH = YES;
				COPY_PHASE_STRIP = NO;
				DEBUG_INFORMATION_FORMAT = "dwarf-with-dsym";
				ENABLE_NS_ASSERTIONS = NO;
				ENABLE_STRICT_OBJC_MSGSEND = YES;
				GCC_C_LANGUAGE_STANDARD = gnu11;
				GCC_NO_COMMON_BLOCKS = YES;
				GCC_WARN_64_TO_32_BIT_CONVERSION = YES;
				GCC_WARN_ABOUT_RETURN_TYPE = YES_ERROR;
				GCC_WARN_UNDECLARED_SELECTOR = YES;
				GCC_WARN_UNINITIALIZED_AUTOS = YES_AGGRESSIVE;
				GCC_WARN_UNUSED_FUNCTION = YES;
				GCC_WARN_UNUSED_VARIABLE = YES;
				MACOSX_DEPLOYMENT_TARGET = 10.15;
				MTL_ENABLE_DEBUG_INFO = NO;
				MTL_FAST_MATH = YES;
				SDKROOT = macosx;
			};
			name = Release;
		};
		457DF44D23EBD70E00405E2D /* Debug */ = {
			isa = XCBuildConfiguration;
			buildSettings = {
				CLANG_CXX_LANGUAGE_STANDARD = "c++2a";
				CODE_SIGN_ENTITLEMENTS = "Blue Sparrow.entitlements";
				CODE_SIGN_STYLE = Automatic;
				DEVELOPMENT_TEAM = QY44MADGVC;
				ENABLE_HARDENED_RUNTIME = YES;
				GCC_PREPROCESSOR_DEFINITIONS = (
					"$(inherited)",
					STBI_ONLY_PNG,
					ENTT_NO_ETO,
					ENABLE_SCOPE_TIME,
				);
				HEADER_SEARCH_PATHS = (
					/usr/local/include,
					/usr/local/Cellar/sdl2/2.0.12_1/include/SDL2,
				);
				LD_RUNPATH_SEARCH_PATHS = "";
				LIBRARY_SEARCH_PATHS = (
					"$(inherited)",
					/usr/local/Cellar/sdl2/2.0.12_1/lib,
					/usr/local/lib,
					/usr/local/Cellar/sdl2_ttf/2.0.15/lib,
				);
				MACOSX_DEPLOYMENT_TARGET = 10.14;
				OTHER_CPLUSPLUSFLAGS = (
					"$(OTHER_CFLAGS)",
					"-Wall",
					"-Wextra",
					"-Weffc++",
					"-Wpedantic",
					"-Wshadow",
					"-Wno-documentation",
					"-Wnull-dereference",
					"-Woverloaded-virtual",
					"-Wreturn-type",
					"-Wnonportable-include-path",
					"-Wstrict-aliasing",
					"-Wno-comma",
				);
				OTHER_LDFLAGS = "";
				PRODUCT_NAME = "$(TARGET_NAME)";
			};
			name = Debug;
		};
		457DF44E23EBD70E00405E2D /* Release */ = {
			isa = XCBuildConfiguration;
			buildSettings = {
				CLANG_CXX_LANGUAGE_STANDARD = "c++2a";
				CODE_SIGN_ENTITLEMENTS = "Blue Sparrow.entitlements";
				CODE_SIGN_STYLE = Automatic;
				DEVELOPMENT_TEAM = QY44MADGVC;
				ENABLE_HARDENED_RUNTIME = YES;
				GCC_PREPROCESSOR_DEFINITIONS = (
					NDEBUG,
					STBI_ONLY_PNG,
					ENTT_NO_ETO,
					ENABLE_SCOPE_TIME,
				);
				HEADER_SEARCH_PATHS = (
					/usr/local/include,
					/usr/local/Cellar/sdl2/2.0.12_1/include/SDL2,
				);
				LD_RUNPATH_SEARCH_PATHS = "";
				LIBRARY_SEARCH_PATHS = (
					"$(inherited)",
					/usr/local/Cellar/sdl2/2.0.12_1/lib,
					/usr/local/lib,
					/usr/local/Cellar/sdl2_ttf/2.0.15/lib,
				);
				MACOSX_DEPLOYMENT_TARGET = 10.14;
				OTHER_CPLUSPLUSFLAGS = (
					"$(OTHER_CFLAGS)",
					"-Wall",
					"-Wextra",
					"-Weffc++",
					"-Wpedantic",
					"-Wshadow",
					"-Wno-documentation",
					"-Wnull-dereference",
					"-Woverloaded-virtual",
					"-Wreturn-type",
					"-Wnonportable-include-path",
					"-Wstrict-aliasing",
					"-Wno-comma",
				);
				OTHER_LDFLAGS = "";
				PRODUCT_NAME = "$(TARGET_NAME)";
			};
			name = Release;
		};
/* End XCBuildConfiguration section */

/* Begin XCConfigurationList section */
		457DF44023EBD70E00405E2D /* Build configuration list for PBXProject "Blue Sparrow" */ = {
			isa = XCConfigurationList;
			buildConfigurations = (
				457DF44A23EBD70E00405E2D /* Debug */,
				457DF44B23EBD70E00405E2D /* Release */,
			);
			defaultConfigurationIsVisible = 0;
			defaultConfigurationName = Release;
		};
		457DF44C23EBD70E00405E2D /* Build configuration list for PBXNativeTarget "Blue Sparrow" */ = {
			isa = XCConfigurationList;
			buildConfigurations = (
				457DF44D23EBD70E00405E2D /* Debug */,
				457DF44E23EBD70E00405E2D /* Release */,
			);
			defaultConfigurationIsVisible = 0;
			defaultConfigurationName = Release;
		};
/* End XCConfigurationList section */
	};
	rootObject = 457DF43D23EBD70E00405E2D /* Project object */;
}
